{
  "version": 4,
  "terraform_version": "1.9.6",
  "serial": 37,
  "lineage": "2c73697a-9c5c-c1de-eecf-517db37322f6",
  "outputs": {},
  "resources": [
    {
      "mode": "managed",
      "type": "local_file",
      "name": "m2",
      "provider": "provider[\"registry.terraform.io/hashicorp/local\"]",
      "instances": [
        {
          "index_key": "VIRTUAL_MACHINE1",
          "schema_version": 0,
          "attributes": {
            "content": "VIRTUAL_MACHINE1",
            "content_base64": null,
            "content_base64sha256": "PNxd0l0U/X06ZC9lHrlKampx84/P+bazjb+48jd7qEk=",
            "content_base64sha512": "aVRxvLN0UEselwwD3xHgm6DpE1kf2JX2LASPBlsDWTlW0zgawjx2GFIuh62BWwgyzI1q143q2PfDkq3Hq3KhAQ==",
            "content_md5": "6d3697633fc494975b678e653dcdba19",
            "content_sha1": "8ebf250445bfa7d74348d7e1fcd6d8ac018ee528",
            "content_sha256": "3cdc5dd25d14fd7d3a642f651eb94a6a6a71f38fcff9b6b38dbfb8f2377ba849",
            "content_sha512": "695471bcb374504b1e970c03df11e09ba0e913591fd895f62c048f065b03593956d3381ac23c7618522e87ad815b0832cc8d6ad78dead8f7c392adc7ab72a101",
            "directory_permission": "0777",
            "file_permission": "0777",
            "filename": "VIRTUAL_MACHINE1",
            "id": "8ebf250445bfa7d74348d7e1fcd6d8ac018ee528",
            "sensitive_content": null,
            "source": null
          },
          "sensitive_attributes": [
            [
              {
                "type": "get_attr",
                "value": "sensitive_content"
              }
            ]
          ]
        },
        {
          "index_key": "VIRTUAL_MACHINE2",
          "schema_version": 0,
          "attributes": {
            "content": "VIRTUAL_MACHINE2",
            "content_base64": null,
            "content_base64sha256": "q4rnAShU2mmMqXnswMPc8flpVHcoR+omcdjV1KRPots=",
            "content_base64sha512": "g9Id6fSKFBINTby2RmdID/CrgsJhbwRP2UfqkEC4jyK45tIuSnHkZwmFq6qrm/fEe/o/lZ+lRXMHoXCv1Q3eyA==",
            "content_md5": "f39b14c432834b6b70a8d6dca9e4e515",
            "content_sha1": "b2219cfabbd81ce8e01e4b29d0cddc1f4bd50131",
            "content_sha256": "ab8ae7012854da698ca979ecc0c3dcf1f96954772847ea2671d8d5d4a44fa2db",
            "content_sha512": "83d21de9f48a14120d4dbcb64667480ff0ab82c2616f044fd947ea9040b88f22b8e6d22e4a71e4670985abaaab9bf7c47bfa3f959fa5457307a170afd50ddec8",
            "directory_permission": "0777",
            "file_permission": "0777",
            "filename": "VIRTUAL_MACHINE2",
            "id": "b2219cfabbd81ce8e01e4b29d0cddc1f4bd50131",
            "sensitive_content": null,
            "source": null
          },
          "sensitive_attributes": [
            [
              {
                "type": "get_attr",
                "value": "sensitive_content"
              }
            ]
          ]
        },
        {
          "index_key": "VIRTUAL_MACHINE3",
          "schema_version": 0,
          "attributes": {
            "content": "VIRTUAL_MACHINE3",
            "content_base64": null,
            "content_base64sha256": "NFJ7aNkVvzp6XbFofzODRnfBGHBKO9UngcrcEwIfCmA=",
            "content_base64sha512": "lPOB7EejhR7sbdqOq57HzZIFRy8Z4q+8JylRqNnDNU7acIc1u7BjjbBA31d4iQIyzcBIqna7qR6Key0/dStDGQ==",
            "content_md5": "21e365445067986f87fc7979cc9c03c4",
            "content_sha1": "2fe1823682d68f58a6b572becde8748f2be28e31",
            "content_sha256": "34527b68d915bf3a7a5db1687f33834677c118704a3bd52781cadc13021f0a60",
            "content_sha512": "94f381ec47a3851eec6dda8eab9ec7cd9205472f19e2afbc272951a8d9c3354eda708735bbb0638db040df5778890232cdc048aa76bba91e8a7b2d3f752b4319",
            "directory_permission": "0777",
            "file_permission": "0777",
            "filename": "VIRTUAL_MACHINE3",
            "id": "2fe1823682d68f58a6b572becde8748f2be28e31",
            "sensitive_content": null,
            "source": null
          },
          "sensitive_attributes": [
            [
              {
                "type": "get_attr",
                "value": "sensitive_content"
              }
            ]
          ]
        },
        {
          "index_key": "VIRTUAL_MACHINE4",
          "schema_version": 0,
          "attributes": {
            "content": "VIRTUAL_MACHINE4",
            "content_base64": null,
            "content_base64sha256": "2mPRS9udwkFmN8aF0HIyzb/InvX+ZMELFkv+WJvlfck=",
            "content_base64sha512": "6l8GhXgxrLJDLf/O4SAItsuh+aref5pAhOuszLlhFwPZI/EbaaYi8Yvxsjj7ykUsx42WCT/sOMkOrz3zqeOKnQ==",
            "content_md5": "45c9212c68fcd69221d895fcc46bb76f",
            "content_sha1": "4a01d457081d406ced803d3075224cb83551b05e",
            "content_sha256": "da63d14bdb9dc2416637c685d07232cdbfc89ef5fe64c10b164bfe589be57dc9",
            "content_sha512": "ea5f06857831acb2432dffcee12008b6cba1f9aade7f9a4084ebacccb9611703d923f11b69a622f18bf1b238fbca452cc78d96093fec38c90eaf3df3a9e38a9d",
            "directory_permission": "0777",
            "file_permission": "0777",
            "filename": "VIRTUAL_MACHINE4",
            "id": "4a01d457081d406ced803d3075224cb83551b05e",
            "sensitive_content": null,
            "source": null
          },
          "sensitive_attributes": [
            [
              {
                "type": "get_attr",
                "value": "sensitive_content"
              }
            ]
          ]
        },
        {
          "index_key": "VIRTUAL_MACHINE5",
          "schema_version": 0,
          "attributes": {
            "content": "VIRTUAL_MACHINE5",
            "content_base64": null,
            "content_base64sha256": "Rvismq9DzYb7qX43CBKUKs28KJKmY4gIo3Nq4zmZbMc=",
            "content_base64sha512": "PF5Q8aVfbPQYlZOS9wwSWDyU+X1z7zo0TJ6gK+llMslCI7VONnulFdvmhMY+PWlr/ROgYODaTkJwnyjKWiK8sA==",
            "content_md5": "d1f53c92476b7a3319ffbbba18d170dc",
            "content_sha1": "11abae43639390a9e31c0f6af1a2922c57ac1ebb",
            "content_sha256": "46f8ac9aaf43cd86fba97e370812942acdbc2892a6638808a3736ae339996cc7",
            "content_sha512": "3c5e50f1a55f6cf418959392f70c12583c94f97d73ef3a344c9ea02be96532c94223b54e367ba515dbe684c63e3d696bfd13a060e0da4e42709f28ca5a22bcb0",
            "directory_permission": "0777",
            "file_permission": "0777",
            "filename": "VIRTUAL_MACHINE5",
            "id": "11abae43639390a9e31c0f6af1a2922c57ac1ebb",
            "sensitive_content": null,
            "source": null
          },
          "sensitive_attributes": [
            [
              {
                "type": "get_attr",
                "value": "sensitive_content"
              }
            ]
          ]
        }
      ]
    }
  ],
  "check_results": null
}
