{
  "version": 4,
  "terraform_version": "1.9.6",
  "serial": 53,
  "lineage": "565865a6-a279-6adb-fcb5-1c71ee1953a8",
  "outputs": {},
  "resources": [
    {
      "mode": "managed",
      "type": "azurerm_network_interface",
      "name": "nic_kk",
      "provider": "provider[\"registry.terraform.io/hashicorp/azurerm\"]",
      "instances": [
        {
          "schema_version": 0,
          "attributes": {
            "accelerated_networking_enabled": false,
            "applied_dns_servers": [],
            "auxiliary_mode": "",
            "auxiliary_sku": "",
            "dns_servers": [],
            "edge_zone": "",
            "id": "/subscriptions/445332c4-72cb-46a2-8cf3-8f396dc088ae/resourceGroups/rgTestKalyan/providers/Microsoft.Network/networkInterfaces/nicKk",
            "internal_dns_name_label": "",
            "internal_domain_name_suffix": "",
            "ip_configuration": [
              {
                "gateway_load_balancer_frontend_ip_configuration_id": "",
                "name": "nicIp",
                "primary": true,
                "private_ip_address": "10.1.10.4",
                "private_ip_address_allocation": "Dynamic",
                "private_ip_address_version": "IPv4",
                "public_ip_address_id": "/subscriptions/445332c4-72cb-46a2-8cf3-8f396dc088ae/resourceGroups/rgTestKalyan/providers/Microsoft.Network/publicIPAddresses/pubIpkk",
                "subnet_id": "/subscriptions/445332c4-72cb-46a2-8cf3-8f396dc088ae/resourceGroups/rgTestKalyan/providers/Microsoft.Network/virtualNetworks/vnetKK/subnets/subnetKK"
              }
            ],
            "ip_forwarding_enabled": false,
            "location": "westus2",
            "mac_address": "00-22-48-B6-26-89",
            "name": "nicKk",
            "private_ip_address": "10.1.10.4",
            "private_ip_addresses": [
              "10.1.10.4"
            ],
            "resource_group_name": "rgTestKalyan",
            "tags": {},
            "timeouts": null,
            "virtual_machine_id": ""
          },
          "sensitive_attributes": [],
          "private": "eyJlMmJmYjczMC1lY2FhLTExZTYtOGY4OC0zNDM2M2JjN2M0YzAiOnsiY3JlYXRlIjoxODAwMDAwMDAwMDAwLCJkZWxldGUiOjE4MDAwMDAwMDAwMDAsInJlYWQiOjMwMDAwMDAwMDAwMCwidXBkYXRlIjoxODAwMDAwMDAwMDAwfX0=",
          "dependencies": [
            "azurerm_public_ip.pub_ip",
            "azurerm_resource_group.rg_kk",
            "azurerm_subnet.subnet_kk1",
            "azurerm_virtual_network.vnet_kk"
          ]
        }
      ]
    },
    {
      "mode": "managed",
      "type": "azurerm_network_security_group",
      "name": "kk_nsg_grp",
      "provider": "provider[\"registry.terraform.io/hashicorp/azurerm\"]",
      "instances": [
        {
          "schema_version": 0,
          "attributes": {
            "id": "/subscriptions/445332c4-72cb-46a2-8cf3-8f396dc088ae/resourceGroups/rgTestKalyan/providers/Microsoft.Network/networkSecurityGroups/nsgKK",
            "location": "ukwest",
            "name": "nsgKK",
            "resource_group_name": "rgTestKalyan",
            "security_rule": [
              {
                "access": "Allow",
                "description": "",
                "destination_address_prefix": "*",
                "destination_address_prefixes": [],
                "destination_application_security_group_ids": [],
                "destination_port_range": "22",
                "destination_port_ranges": [],
                "direction": "Inbound",
                "name": "sshport",
                "priority": 100,
                "protocol": "Tcp",
                "source_address_prefix": "*",
                "source_address_prefixes": [],
                "source_application_security_group_ids": [],
                "source_port_range": "*",
                "source_port_ranges": []
              }
            ],
            "tags": null,
            "timeouts": null
          },
          "sensitive_attributes": [],
          "private": "eyJlMmJmYjczMC1lY2FhLTExZTYtOGY4OC0zNDM2M2JjN2M0YzAiOnsiY3JlYXRlIjoxODAwMDAwMDAwMDAwLCJkZWxldGUiOjE4MDAwMDAwMDAwMDAsInJlYWQiOjMwMDAwMDAwMDAwMCwidXBkYXRlIjoxODAwMDAwMDAwMDAwfX0=",
          "dependencies": [
            "azurerm_resource_group.rg_kk"
          ]
        }
      ]
    },
    {
      "mode": "managed",
      "type": "azurerm_public_ip",
      "name": "pub_ip",
      "provider": "provider[\"registry.terraform.io/hashicorp/azurerm\"]",
      "instances": [
        {
          "schema_version": 0,
          "attributes": {
            "allocation_method": "Static",
            "ddos_protection_mode": "VirtualNetworkInherited",
            "ddos_protection_plan_id": null,
            "domain_name_label": null,
            "edge_zone": "",
            "fqdn": null,
            "id": "/subscriptions/445332c4-72cb-46a2-8cf3-8f396dc088ae/resourceGroups/rgTestKalyan/providers/Microsoft.Network/publicIPAddresses/pubIpkk",
            "idle_timeout_in_minutes": 4,
            "ip_address": "52.158.254.35",
            "ip_tags": {},
            "ip_version": "IPv4",
            "location": "westus2",
            "name": "pubIpkk",
            "public_ip_prefix_id": null,
            "resource_group_name": "rgTestKalyan",
            "reverse_fqdn": null,
            "sku": "Standard",
            "sku_tier": "Regional",
            "tags": {},
            "timeouts": null,
            "zones": []
          },
          "sensitive_attributes": [],
          "private": "eyJlMmJmYjczMC1lY2FhLTExZTYtOGY4OC0zNDM2M2JjN2M0YzAiOnsiY3JlYXRlIjoxODAwMDAwMDAwMDAwLCJkZWxldGUiOjE4MDAwMDAwMDAwMDAsInJlYWQiOjMwMDAwMDAwMDAwMCwidXBkYXRlIjoxODAwMDAwMDAwMDAwfX0=",
          "dependencies": [
            "azurerm_resource_group.rg_kk"
          ]
        }
      ]
    },
    {
      "mode": "managed",
      "type": "azurerm_resource_group",
      "name": "rg_kk",
      "provider": "provider[\"registry.terraform.io/hashicorp/azurerm\"]",
      "instances": [
        {
          "schema_version": 0,
          "attributes": {
            "id": "/subscriptions/445332c4-72cb-46a2-8cf3-8f396dc088ae/resourceGroups/rgTestKalyan",
            "location": "westus2",
            "managed_by": "",
            "name": "rgTestKalyan",
            "tags": {},
            "timeouts": null
          },
          "sensitive_attributes": [],
          "private": "eyJlMmJmYjczMC1lY2FhLTExZTYtOGY4OC0zNDM2M2JjN2M0YzAiOnsiY3JlYXRlIjo1NDAwMDAwMDAwMDAwLCJkZWxldGUiOjU0MDAwMDAwMDAwMDAsInJlYWQiOjMwMDAwMDAwMDAwMCwidXBkYXRlIjo1NDAwMDAwMDAwMDAwfX0="
        }
      ]
    },
    {
      "mode": "managed",
      "type": "azurerm_subnet",
      "name": "subnet_kk1",
      "provider": "provider[\"registry.terraform.io/hashicorp/azurerm\"]",
      "instances": [
        {
          "schema_version": 0,
          "attributes": {
            "address_prefixes": [
              "10.1.0.0/24",
              "10.1.10.0/24"
            ],
            "default_outbound_access_enabled": true,
            "delegation": [],
            "id": "/subscriptions/445332c4-72cb-46a2-8cf3-8f396dc088ae/resourceGroups/rgTestKalyan/providers/Microsoft.Network/virtualNetworks/vnetKK/subnets/subnetKK",
            "name": "subnetKK",
            "private_endpoint_network_policies": "Disabled",
            "private_link_service_network_policies_enabled": true,
            "resource_group_name": "rgTestKalyan",
            "service_endpoint_policy_ids": [],
            "service_endpoints": [],
            "timeouts": null,
            "virtual_network_name": "vnetKK"
          },
          "sensitive_attributes": [],
          "private": "eyJlMmJmYjczMC1lY2FhLTExZTYtOGY4OC0zNDM2M2JjN2M0YzAiOnsiY3JlYXRlIjoxODAwMDAwMDAwMDAwLCJkZWxldGUiOjE4MDAwMDAwMDAwMDAsInJlYWQiOjMwMDAwMDAwMDAwMCwidXBkYXRlIjoxODAwMDAwMDAwMDAwfX0=",
          "dependencies": [
            "azurerm_resource_group.rg_kk",
            "azurerm_virtual_network.vnet_kk"
          ]
        }
      ]
    },
    {
      "mode": "managed",
      "type": "azurerm_virtual_network",
      "name": "vnet_kk",
      "provider": "provider[\"registry.terraform.io/hashicorp/azurerm\"]",
      "instances": [
        {
          "schema_version": 0,
          "attributes": {
            "address_space": [
              "10.1.0.0/16"
            ],
            "bgp_community": "",
            "ddos_protection_plan": [],
            "dns_servers": [],
            "edge_zone": "",
            "encryption": [],
            "flow_timeout_in_minutes": 0,
            "guid": "9ee4093b-45c4-44ef-87d6-2079f4f576ec",
            "id": "/subscriptions/445332c4-72cb-46a2-8cf3-8f396dc088ae/resourceGroups/rgTestKalyan/providers/Microsoft.Network/virtualNetworks/vnetKK",
            "location": "westus2",
            "name": "vnetKK",
            "resource_group_name": "rgTestKalyan",
            "subnet": [
              {
                "address_prefixes": [
                  "10.1.0.0/24",
                  "10.1.10.0/24"
                ],
                "default_outbound_access_enabled": true,
                "delegation": [],
                "id": "/subscriptions/445332c4-72cb-46a2-8cf3-8f396dc088ae/resourceGroups/rgTestKalyan/providers/Microsoft.Network/virtualNetworks/vnetKK/subnets/subnetKK",
                "name": "subnetKK",
                "private_endpoint_network_policies": "Disabled",
                "private_link_service_network_policies_enabled": true,
                "route_table_id": "",
                "security_group": "",
                "service_endpoint_policy_ids": [],
                "service_endpoints": []
              }
            ],
            "tags": {},
            "timeouts": null
          },
          "sensitive_attributes": [],
          "private": "eyJlMmJmYjczMC1lY2FhLTExZTYtOGY4OC0zNDM2M2JjN2M0YzAiOnsiY3JlYXRlIjoxODAwMDAwMDAwMDAwLCJkZWxldGUiOjE4MDAwMDAwMDAwMDAsInJlYWQiOjMwMDAwMDAwMDAwMCwidXBkYXRlIjoxODAwMDAwMDAwMDAwfX0=",
          "dependencies": [
            "azurerm_resource_group.rg_kk"
          ]
        }
      ]
    }
  ],
  "check_results": null
}
